
Microsoft Visual Studio Solution File, Format Version 11.00
# Visual Studio 2010
Project("{FAE04EC0-301F-11D3-BF4B-00C04F79EFBC}") = "ObjectDumper", "ObjectDumper\ObjectDumper.csproj", "{3FDF28DE-BFCF-439A-9430-0D564F1E6EC8}"
EndProject
Project("{FAE04EC0-301F-11D3-BF4B-00C04F79EFBC}") = "ObjectDumper.Tests", "ObjectDumper.Tests\ObjectDumper.Tests.csproj", "{7329E7DF-3D07-47C8-9E3F-FC0EE9E878D1}"
EndProject
Project("{2150E333-8FDC-42A3-9474-1A3956D46DE8}") = "Solution Items", "Solution Items", "{0CEC06BB-FD37-4DA8-AD68-51FC7F1151D9}"
	ProjectSection(SolutionItems) = preProject
		CustomDictionary.xml = CustomDictionary.xml
		EXAMPLES.markdown = EXAMPLES.markdown
		LICENSE.markdown = LICENSE.markdown
		README.markdown = README.markdown
		Settings.FxCop = Settings.FxCop
		Settings.StyleCop = Settings.StyleCop
		SIGNING.markdown = SIGNING.markdown
	EndProjectSection
EndProject
Global
	GlobalSection(SolutionConfigurationPlatforms) = preSolution
		Debug|Any CPU = Debug|Any CPU
		Release|Any CPU = Release|Any CPU
	EndGlobalSection
	GlobalSection(ProjectConfigurationPlatforms) = postSolution
		{3FDF28DE-BFCF-439A-9430-0D564F1E6EC8}.Debug|Any CPU.ActiveCfg = Debug|Any CPU
		{3FDF28DE-BFCF-439A-9430-0D564F1E6EC8}.Debug|Any CPU.Build.0 = Debug|Any CPU
		{3FDF28DE-BFCF-439A-9430-0D564F1E6EC8}.Release|Any CPU.ActiveCfg = Release|Any CPU
		{3FDF28DE-BFCF-439A-9430-0D564F1E6EC8}.Release|Any CPU.Build.0 = Release|Any CPU
		{7329E7DF-3D07-47C8-9E3F-FC0EE9E878D1}.Debug|Any CPU.ActiveCfg = Debug|Any CPU
		{7329E7DF-3D07-47C8-9E3F-FC0EE9E878D1}.Debug|Any CPU.Build.0 = Debug|Any CPU
		{7329E7DF-3D07-47C8-9E3F-FC0EE9E878D1}.Release|Any CPU.ActiveCfg = Release|Any CPU
		{7329E7DF-3D07-47C8-9E3F-FC0EE9E878D1}.Release|Any CPU.Build.0 = Release|Any CPU
	EndGlobalSection
	GlobalSection(SolutionProperties) = preSolution
		HideSolutionNode = FALSE
	EndGlobalSection
EndGlobal
