
Microsoft Visual Studio Solution File, Format Version 12.00
# Visual Studio 15
VisualStudioVersion = 15.0.27703.2000
MinimumVisualStudioVersion = 10.0.40219.1
Project("{FAE04EC0-301F-11D3-BF4B-00C04F79EFBC}") = "ObjectDumper", "ObjectDumper\ObjectDumper.csproj", "{D6F1B905-3214-48D1-8053-3074A701EBFB}"
EndProject
Project("{FAE04EC0-301F-11D3-BF4B-00C04F79EFBC}") = "ObjectDumper.Tests", "ObjectDumper.Tests\ObjectDumper.Tests.csproj", "{E1D01C48-301C-4E50-B116-131EDC98061E}"
EndProject
Global
	GlobalSection(SolutionConfigurationPlatforms) = preSolution
		Debug|Any CPU = Debug|Any CPU
		Release|Any CPU = Release|Any CPU
	EndGlobalSection
	GlobalSection(ProjectConfigurationPlatforms) = postSolution
		{D6F1B905-3214-48D1-8053-3074A701EBFB}.Debug|Any CPU.ActiveCfg = Debug|Any CPU
		{D6F1B905-3214-48D1-8053-3074A701EBFB}.Debug|Any CPU.Build.0 = Debug|Any CPU
		{D6F1B905-3214-48D1-8053-3074A701EBFB}.Release|Any CPU.ActiveCfg = Release|Any CPU
		{D6F1B905-3214-48D1-8053-3074A701EBFB}.Release|Any CPU.Build.0 = Release|Any CPU
		{E1D01C48-301C-4E50-B116-131EDC98061E}.Debug|Any CPU.ActiveCfg = Debug|Any CPU
		{E1D01C48-301C-4E50-B116-131EDC98061E}.Debug|Any CPU.Build.0 = Debug|Any CPU
		{E1D01C48-301C-4E50-B116-131EDC98061E}.Release|Any CPU.ActiveCfg = Release|Any CPU
		{E1D01C48-301C-4E50-B116-131EDC98061E}.Release|Any CPU.Build.0 = Release|Any CPU
	EndGlobalSection
	GlobalSection(SolutionProperties) = preSolution
		HideSolutionNode = FALSE
	EndGlobalSection
	GlobalSection(ExtensibilityGlobals) = postSolution
		SolutionGuid = {26D00D79-40BF-477C-8315-3CF5D2709581}
	EndGlobalSection
EndGlobal
